#MicroXplorer Configuration settings - do not modify
ADC1.Channel-0\#ChannelRegularConversion=ADC_CHANNEL_0
ADC1.ClockPrescaler=ADC_CLOCK_SYNC_PCLK_DIV4
ADC1.DMAContinuousRequests=ENABLE
ADC1.ExternalTrigConv=ADC_EXTERNALTRIGCONV_T6_TRGO
ADC1.IPParameters=Rank-0\#ChannelRegularConversion,Channel-0\#ChannelRegularConversion,SamplingTime-0\#ChannelRegularConversion,NbrOfConversionFlag,master,ClockPrescaler,DMAContinuousRequests,ExternalTrigConv
ADC1.NbrOfConversionFlag=1
ADC1.Rank-0\#ChannelRegularConversion=1
ADC1.SamplingTime-0\#ChannelRegularConversion=ADC_SAMPLETIME_3CYCLES
ADC1.master=1
ADC2.Channel-9\#ChannelRegularConversion=ADC_CHANNEL_3
ADC2.ContinuousConvMode=DISABLE
ADC2.DMAContinuousRequests=ENABLE
ADC2.ExternalTrigConv=ADC_EXTERNALTRIGCONV_T8_TRGO
ADC2.IPParameters=Rank-9\#ChannelRegularConversion,Channel-9\#ChannelRegularConversion,SamplingTime-9\#ChannelRegularConversion,NbrOfConversionFlag,ContinuousConvMode,DMAContinuousRequests,ExternalTrigConv
ADC2.NbrOfConversionFlag=1
ADC2.Rank-9\#ChannelRegularConversion=1
ADC2.SamplingTime-9\#ChannelRegularConversion=ADC_SAMPLETIME_480CYCLES
CRYP.Algorithm=AESCTR
CRYP.DataType=CRYP_DATATYPE_8B
CRYP.IPParameters=Algorithm,KeySize,DataType
CRYP.KeySize=CRYP_KEYSIZE_256B
DAC.DAC_Trigger=DAC_TRIGGER_T6_TRGO
DAC.IPParameters=DAC_Trigger
Dma.ADC1.0.Direction=DMA_PERIPH_TO_MEMORY
Dma.ADC1.0.FIFOMode=DMA_FIFOMODE_DISABLE
Dma.ADC1.0.Instance=DMA2_Stream0
Dma.ADC1.0.MemDataAlignment=DMA_MDATAALIGN_HALFWORD
Dma.ADC1.0.MemInc=DMA_MINC_ENABLE
Dma.ADC1.0.Mode=DMA_NORMAL
Dma.ADC1.0.PeriphDataAlignment=DMA_PDATAALIGN_HALFWORD
Dma.ADC1.0.PeriphInc=DMA_PINC_DISABLE
Dma.ADC1.0.Priority=DMA_PRIORITY_HIGH
Dma.ADC1.0.RequestParameters=Instance,Direction,PeriphInc,MemInc,PeriphDataAlignment,MemDataAlignment,Mode,Priority,FIFOMode
Dma.ADC2.2.Direction=DMA_PERIPH_TO_MEMORY
Dma.ADC2.2.FIFOMode=DMA_FIFOMODE_DISABLE
Dma.ADC2.2.Instance=DMA2_Stream2
Dma.ADC2.2.MemDataAlignment=DMA_MDATAALIGN_HALFWORD
Dma.ADC2.2.MemInc=DMA_MINC_DISABLE
Dma.ADC2.2.Mode=DMA_NORMAL
Dma.ADC2.2.PeriphDataAlignment=DMA_PDATAALIGN_HALFWORD
Dma.ADC2.2.PeriphInc=DMA_PINC_DISABLE
Dma.ADC2.2.Priority=DMA_PRIORITY_LOW
Dma.ADC2.2.RequestParameters=Instance,Direction,PeriphInc,MemInc,PeriphDataAlignment,MemDataAlignment,Mode,Priority,FIFOMode
Dma.DAC1.1.Direction=DMA_MEMORY_TO_PERIPH
Dma.DAC1.1.FIFOMode=DMA_FIFOMODE_DISABLE
Dma.DAC1.1.Instance=DMA1_Stream5
Dma.DAC1.1.MemDataAlignment=DMA_MDATAALIGN_HALFWORD
Dma.DAC1.1.MemInc=DMA_MINC_ENABLE
Dma.DAC1.1.Mode=DMA_NORMAL
Dma.DAC1.1.PeriphDataAlignment=DMA_PDATAALIGN_HALFWORD
Dma.DAC1.1.PeriphInc=DMA_PINC_DISABLE
Dma.DAC1.1.Priority=DMA_PRIORITY_HIGH
Dma.DAC1.1.RequestParameters=Instance,Direction,PeriphInc,MemInc,PeriphDataAlignment,MemDataAlignment,Mode,Priority,FIFOMode
Dma.Request0=ADC1
Dma.Request1=DAC1
Dma.Request2=ADC2
Dma.RequestsNb=3
FATFS.IPParameters=_MAX_SS,_USE_LFN,_FS_NORTC,_NORTC_YEAR,_NORTC_MON,_NORTC_MDAY,USE_DMA_CODE_SD,_FS_TIMEOUT
FATFS.USE_DMA_CODE_SD=0
FATFS._FS_NORTC=1
FATFS._FS_TIMEOUT=1000
FATFS._MAX_SS=4096
FATFS._NORTC_MDAY=11
FATFS._NORTC_MON=11
FATFS._NORTC_YEAR=2018
FATFS._USE_LFN=1
File.Version=6
HASH.DataType=HASH_DATATYPE_8B
HASH.IPParameters=SecureHashAlgorithmType,DataType
HASH.SecureHashAlgorithmType=MD5
I2C1.I2C_Fall_Time=200
I2C1.I2C_Rise_Time=200
I2C1.IPParameters=Timing,I2C_Rise_Time,I2C_Fall_Time
I2C1.Timing=0x10C36994
KeepUserPlacement=false
Mcu.Family=STM32F7
Mcu.IP0=ADC1
Mcu.IP1=ADC2
Mcu.IP10=NVIC
Mcu.IP11=RCC
Mcu.IP12=RNG
Mcu.IP13=SDMMC1
Mcu.IP14=SPI1
Mcu.IP15=SPI2
Mcu.IP16=SYS
Mcu.IP17=TIM4
Mcu.IP18=TIM6
Mcu.IP19=TIM8
Mcu.IP2=CORTEX_M7
Mcu.IP20=USART1
Mcu.IP21=USART2
Mcu.IP22=USART3
Mcu.IP3=CRC
Mcu.IP4=CRYP
Mcu.IP5=DAC
Mcu.IP6=DMA
Mcu.IP7=FATFS
Mcu.IP8=HASH
Mcu.IP9=I2C1
Mcu.IPNb=23
Mcu.Name=STM32F777VITx
Mcu.Package=LQFP100
Mcu.Pin0=PE2
Mcu.Pin1=PE5
Mcu.Pin10=PA7
Mcu.Pin11=PC4
Mcu.Pin12=PB0
Mcu.Pin13=PB1
Mcu.Pin14=PE9
Mcu.Pin15=PE10
Mcu.Pin16=PB10
Mcu.Pin17=PB11
Mcu.Pin18=PB13
Mcu.Pin19=PB14
Mcu.Pin2=PE6
Mcu.Pin20=PB15
Mcu.Pin21=PD8
Mcu.Pin22=PD12
Mcu.Pin23=PC6
Mcu.Pin24=PC7
Mcu.Pin25=PC8
Mcu.Pin26=PA9
Mcu.Pin27=PA10
Mcu.Pin28=PC12
Mcu.Pin29=PD0
Mcu.Pin3=PH0/OSC_IN
Mcu.Pin30=PD1
Mcu.Pin31=PD2
Mcu.Pin32=PD5
Mcu.Pin33=PD6
Mcu.Pin34=PB6
Mcu.Pin35=PB7
Mcu.Pin36=PE0
Mcu.Pin37=VP_CRC_VS_CRC
Mcu.Pin38=VP_CRYP_VS_CRYP
Mcu.Pin39=VP_FATFS_VS_SDIO
Mcu.Pin4=PH1/OSC_OUT
Mcu.Pin40=VP_HASH_VS_HASH
Mcu.Pin41=VP_RNG_VS_RNG
Mcu.Pin42=VP_SYS_VS_Systick
Mcu.Pin43=VP_TIM4_VS_ClockSourceINT
Mcu.Pin44=VP_TIM6_VS_ClockSourceINT
Mcu.Pin45=VP_TIM8_VS_ClockSourceINT
Mcu.Pin5=PA0/WKUP
Mcu.Pin6=PA3
Mcu.Pin7=PA4
Mcu.Pin8=PA5
Mcu.Pin9=PA6
Mcu.PinsNb=46
Mcu.ThirdPartyNb=0
Mcu.UserConstants=
Mcu.UserName=STM32F777VITx
MxCube.Version=5.0.1
MxDb.Version=DB.5.0.1
NVIC.ADC_IRQn=true\:0\:0\:false\:false\:true\:true
NVIC.BusFault_IRQn=true\:0\:0\:false\:false\:true\:false
NVIC.DMA1_Stream5_IRQn=true\:0\:0\:false\:false\:true\:false
NVIC.DMA2_Stream0_IRQn=true\:0\:0\:false\:false\:true\:false
NVIC.DMA2_Stream2_IRQn=true\:2\:0\:true\:false\:true\:false
NVIC.DebugMonitor_IRQn=true\:0\:0\:false\:false\:true\:false
NVIC.EXTI0_IRQn=true\:0\:0\:false\:false\:true\:true
NVIC.EXTI1_IRQn=true\:1\:0\:true\:false\:true\:true
NVIC.HardFault_IRQn=true\:0\:0\:false\:false\:true\:false
NVIC.MemoryManagement_IRQn=true\:0\:0\:false\:false\:true\:false
NVIC.NonMaskableInt_IRQn=true\:0\:0\:false\:false\:true\:false
NVIC.PendSV_IRQn=true\:0\:0\:false\:false\:true\:false
NVIC.PriorityGroup=NVIC_PRIORITYGROUP_4
NVIC.SDMMC1_IRQn=true\:0\:0\:false\:false\:true\:true
NVIC.SPI1_IRQn=true\:1\:0\:true\:false\:true\:true
NVIC.SPI2_IRQn=true\:1\:0\:true\:false\:true\:true
NVIC.SVCall_IRQn=true\:0\:0\:false\:false\:true\:false
NVIC.SysTick_IRQn=true\:0\:0\:false\:false\:true\:false
NVIC.TIM6_DAC_IRQn=true\:0\:0\:false\:false\:true\:true
NVIC.USART3_IRQn=true\:1\:0\:true\:false\:true\:true
NVIC.UsageFault_IRQn=true\:0\:0\:false\:false\:true\:false
PA0/WKUP.Signal=ADCx_IN0
PA10.Locked=true
PA10.Mode=Asynchronous
PA10.Signal=USART1_RX
PA3.Signal=ADCx_IN3
PA4.Signal=COMP_DAC1_group
PA5.Mode=Full_Duplex_Master
PA5.Signal=SPI1_SCK
PA6.GPIOParameters=GPIO_PuPd
PA6.GPIO_PuPd=GPIO_PULLUP
PA6.Mode=Full_Duplex_Master
PA6.Signal=SPI1_MISO
PA7.GPIOParameters=GPIO_PuPd
PA7.GPIO_PuPd=GPIO_PULLUP
PA7.Mode=Full_Duplex_Master
PA7.Signal=SPI1_MOSI
PA9.Locked=true
PA9.Mode=Asynchronous
PA9.Signal=USART1_TX
PB0.GPIOParameters=GPIO_Speed,PinState,GPIO_Label
PB0.GPIO_Label=TRX_SDN
PB0.GPIO_Speed=GPIO_SPEED_FREQ_MEDIUM
PB0.Locked=true
PB0.PinState=GPIO_PIN_SET
PB0.Signal=GPIO_Output
PB1.GPIOParameters=GPIO_PuPd,GPIO_Label,GPIO_ModeDefaultEXTI
PB1.GPIO_Label=TRX_NIRQ
PB1.GPIO_ModeDefaultEXTI=GPIO_MODE_IT_FALLING
PB1.GPIO_PuPd=GPIO_PULLUP
PB1.Locked=true
PB1.Signal=GPXTI1
PB10.Mode=Asynchronous
PB10.Signal=USART3_TX
PB11.Mode=Asynchronous
PB11.Signal=USART3_RX
PB13.Mode=TX_Only_Simplex_Unidirect_Master
PB13.Signal=SPI2_SCK
PB14.GPIOParameters=GPIO_PuPd
PB14.GPIO_PuPd=GPIO_PULLUP
PB14.Locked=true
PB14.Signal=SPI2_MISO
PB15.GPIOParameters=GPIO_PuPd
PB15.GPIO_PuPd=GPIO_PULLUP
PB15.Locked=true
PB15.Mode=TX_Only_Simplex_Unidirect_Master
PB15.Signal=SPI2_MOSI
PB6.Mode=I2C
PB6.Signal=I2C1_SCL
PB7.Mode=I2C
PB7.Signal=I2C1_SDA
PC12.GPIOParameters=GPIO_PuPd
PC12.GPIO_PuPd=GPIO_PULLDOWN
PC12.Mode=SD_1_bit
PC12.Signal=SDMMC1_CK
PC4.GPIOParameters=GPIO_Speed,PinState,GPIO_Label
PC4.GPIO_Label=SPI1_CS
PC4.GPIO_Speed=GPIO_SPEED_FREQ_HIGH
PC4.Locked=true
PC4.PinState=GPIO_PIN_SET
PC4.Signal=GPIO_Output
PC6.GPIOParameters=GPIO_Speed,GPIO_Label
PC6.GPIO_Label=TFT_A0
PC6.GPIO_Speed=GPIO_SPEED_FREQ_VERY_HIGH
PC6.Locked=true
PC6.Signal=GPIO_Output
PC7.GPIOParameters=GPIO_Speed,PinState,GPIO_Label
PC7.GPIO_Label=TFT_RST
PC7.GPIO_Speed=GPIO_SPEED_FREQ_MEDIUM
PC7.Locked=true
PC7.PinState=GPIO_PIN_SET
PC7.Signal=GPIO_Output
PC8.GPIOParameters=GPIO_PuPd
PC8.GPIO_PuPd=GPIO_PULLUP
PC8.Mode=SD_1_bit
PC8.Signal=SDMMC1_D0
PCC.Checker=false
PCC.Line=STM32F7x7
PCC.MCU=STM32F777VITx
PCC.PartNumber=STM32F777VITx
PCC.Seq0=0
PCC.Series=STM32F7
PCC.Temperature=25
PCC.Vdd=3.3
PD0.GPIOParameters=PinState,GPIO_Label
PD0.GPIO_Label=LED_GRN
PD0.Locked=true
PD0.PinState=GPIO_PIN_SET
PD0.Signal=GPIO_Output
PD1.GPIOParameters=PinState,GPIO_Label
PD1.GPIO_Label=LED_RED
PD1.Locked=true
PD1.PinState=GPIO_PIN_SET
PD1.Signal=GPIO_Output
PD12.GPIOParameters=GPIO_Speed,GPIO_Label
PD12.GPIO_Label=BLIGHT_CTRL
PD12.GPIO_Speed=GPIO_SPEED_FREQ_VERY_HIGH
PD12.Locked=true
PD12.Signal=S_TIM4_CH1
PD2.GPIOParameters=GPIO_PuPd
PD2.GPIO_PuPd=GPIO_PULLUP
PD2.Mode=SD_1_bit
PD2.Signal=SDMMC1_CMD
PD5.Locked=true
PD5.Mode=Asynchronous
PD5.Signal=USART2_TX
PD6.Mode=Asynchronous
PD6.Signal=USART2_RX
PD8.GPIOParameters=GPIO_Speed,PinState,GPIO_Label
PD8.GPIO_Label=SPI2_CS
PD8.GPIO_Speed=GPIO_SPEED_FREQ_VERY_HIGH
PD8.Locked=true
PD8.PinState=GPIO_PIN_SET
PD8.Signal=GPIO_Output
PE0.GPIOParameters=GPIO_PuPd,GPIO_Label,GPIO_ModeDefaultEXTI
PE0.GPIO_Label=PTT_INT
PE0.GPIO_ModeDefaultEXTI=GPIO_MODE_IT_RISING_FALLING
PE0.GPIO_PuPd=GPIO_PULLUP
PE0.Locked=true
PE0.Signal=GPXTI0
PE10.GPIOParameters=GPIO_Label
PE10.GPIO_Label=TP2
PE10.Locked=true
PE10.Signal=GPIO_Output
PE2.GPIOParameters=GPIO_Label
PE2.GPIO_Label=SPK_SDN
PE2.Locked=true
PE2.Signal=GPIO_Output
PE5.GPIOParameters=PinState,GPIO_Label
PE5.GPIO_Label=TRX_TX_SW
PE5.Locked=true
PE5.PinState=GPIO_PIN_SET
PE5.Signal=GPIO_Output
PE6.GPIOParameters=GPIO_Label
PE6.GPIO_Label=TRX_RX_SW
PE6.Locked=true
PE6.Signal=GPIO_Output
PE9.GPIOParameters=GPIO_Label
PE9.GPIO_Label=TP1
PE9.Locked=true
PE9.Signal=GPIO_Output
PH0/OSC_IN.Mode=HSE-External-Oscillator
PH0/OSC_IN.Signal=RCC_OSC_IN
PH1/OSC_OUT.Mode=HSE-External-Oscillator
PH1/OSC_OUT.Signal=RCC_OSC_OUT
PinOutPanel.RotationAngle=0
ProjectManager.AskForMigrate=true
ProjectManager.BackupPrevious=false
ProjectManager.CompilerOptimize=6
ProjectManager.ComputerToolchain=false
ProjectManager.CoupleFile=false
ProjectManager.CustomerFirmwarePackage=
ProjectManager.DefaultFWLocation=true
ProjectManager.DeletePrevious=true
ProjectManager.DeviceId=STM32F777VITx
ProjectManager.FirmwarePackage=STM32Cube FW_F7 V1.14.0
ProjectManager.FreePins=false
ProjectManager.HalAssertFull=false
ProjectManager.HeapSize=0x200
ProjectManager.KeepUserCode=true
ProjectManager.LastFirmware=true
ProjectManager.LibraryCopy=1
ProjectManager.MainLocation=Src
ProjectManager.NoMain=false
ProjectManager.PreviousToolchain=SW4STM32
ProjectManager.ProjectBuild=false
ProjectManager.ProjectFileName=TR-9.ioc
ProjectManager.ProjectName=TR-9
ProjectManager.StackSize=0x400
ProjectManager.TargetToolchain=SW4STM32
ProjectManager.ToolChainLocation=
ProjectManager.UnderRoot=true
ProjectManager.functionlistsort=1-MX_GPIO_Init-GPIO-false-HAL-true,2-MX_DMA_Init-DMA-false-HAL-true,3-SystemClock_Config-RCC-false-HAL-false,4-MX_CORTEX_M7_Init-CORTEX_M7-false-HAL-true,5-MX_ADC1_Init-ADC1-false-HAL-true,6-MX_DAC_Init-DAC-false-HAL-true,7-MX_SPI1_Init-SPI1-false-HAL-true,8-MX_SPI2_Init-SPI2-false-HAL-true,9-MX_USART1_UART_Init-USART1-false-HAL-true,10-MX_USART2_UART_Init-USART2-false-HAL-true,11-MX_USART3_UART_Init-USART3-false-HAL-true,12-MX_I2C1_Init-I2C1-false-HAL-true,13-MX_SDMMC1_SD_Init-SDMMC1-false-HAL-true,14-MX_CRYP_Init-CRYP-false-HAL-true,15-MX_HASH_Init-HASH-false-HAL-true,16-MX_RNG_Init-RNG-false-HAL-true,17-MX_CRC_Init-CRC-false-HAL-true,18-MX_FATFS_Init-FATFS-false-HAL-true,19-MX_ADC2_Init-ADC2-false-HAL-true,20-MX_TIM4_Init-TIM4-false-HAL-true,21-MX_TIM6_Init-TIM6-false-HAL-true,22-MX_TIM8_Init-TIM8-false-HAL-true
RCC.AHBFreq_Value=216000000
RCC.APB1CLKDivider=RCC_HCLK_DIV4
RCC.APB1Freq_Value=54000000
RCC.APB1TimFreq_Value=108000000
RCC.APB2CLKDivider=RCC_HCLK_DIV2
RCC.APB2Freq_Value=108000000
RCC.APB2TimFreq_Value=216000000
RCC.CECFreq_Value=32786.88524590164
RCC.CortexFreq_Value=216000000
RCC.DFSDMAudioFreq_Value=192000000
RCC.DFSDMFreq_Value=108000000
RCC.EthernetFreq_Value=216000000
RCC.FCLKCortexFreq_Value=216000000
RCC.FamilyName=M
RCC.HCLKFreq_Value=216000000
RCC.HSE_VALUE=16000000
RCC.HSI_VALUE=16000000
RCC.I2C1Freq_Value=54000000
RCC.I2C2Freq_Value=54000000
RCC.I2C3Freq_Value=54000000
RCC.I2C4Freq_Value=54000000
RCC.I2SFreq_Value=192000000
RCC.IPParameters=AHBFreq_Value,APB1CLKDivider,APB1Freq_Value,APB1TimFreq_Value,APB2CLKDivider,APB2Freq_Value,APB2TimFreq_Value,CECFreq_Value,CortexFreq_Value,DFSDMAudioFreq_Value,DFSDMFreq_Value,EthernetFreq_Value,FCLKCortexFreq_Value,FamilyName,HCLKFreq_Value,HSE_VALUE,HSI_VALUE,I2C1Freq_Value,I2C2Freq_Value,I2C3Freq_Value,I2C4Freq_Value,I2SFreq_Value,LCDTFTFreq_Value,LPTIM1Freq_Value,LSE_VALUE,LSI_VALUE,MCO2PinFreq_Value,PLLCLKFreq_Value,PLLI2SPCLKFreq_Value,PLLI2SQCLKFreq_Value,PLLI2SRCLKFreq_Value,PLLI2SRoutputFreq_Value,PLLM,PLLN,PLLQ,PLLQCLKFreq_Value,PLLQoutputFreq_Value,PLLRFreq_Value,PLLSAIPCLKFreq_Value,PLLSAIQCLKFreq_Value,PLLSAIRCLKFreq_Value,PLLSAIoutputFreq_Value,PLLSourceVirtual,RNGFreq_Value,SAI1Freq_Value,SAI2Freq_Value,SDMMC2Freq_Value,SDMMCClockSelection,SDMMCFreq_Value,SPDIFRXFreq_Value,SYSCLKFreq_VALUE,SYSCLKSource,UART4Freq_Value,UART5Freq_Value,UART7Freq_Value,UART8Freq_Value,USART1CLockSelection,USART1Freq_Value,USART2CLockSelection,USART2Freq_Value,USART3CLockSelection,USART3Freq_Value,USART6Freq_Value,USBFreq_Value,VCOI2SOutputFreq_Value,VCOInputFreq_Value,VCOOutputFreq_Value,VCOSAIOutputFreq_Value
RCC.LCDTFTFreq_Value=96000000
RCC.LPTIM1Freq_Value=54000000
RCC.LSE_VALUE=32768
RCC.LSI_VALUE=32000
RCC.MCO2PinFreq_Value=216000000
RCC.PLLCLKFreq_Value=216000000
RCC.PLLI2SPCLKFreq_Value=192000000
RCC.PLLI2SQCLKFreq_Value=192000000
RCC.PLLI2SRCLKFreq_Value=192000000
RCC.PLLI2SRoutputFreq_Value=192000000
RCC.PLLM=8
RCC.PLLN=216
RCC.PLLQ=9
RCC.PLLQCLKFreq_Value=48000000
RCC.PLLQoutputFreq_Value=48000000
RCC.PLLRFreq_Value=216000000
RCC.PLLSAIPCLKFreq_Value=192000000
RCC.PLLSAIQCLKFreq_Value=192000000
RCC.PLLSAIRCLKFreq_Value=192000000
RCC.PLLSAIoutputFreq_Value=192000000
RCC.PLLSourceVirtual=RCC_PLLSOURCE_HSE
RCC.RNGFreq_Value=48000000
RCC.SAI1Freq_Value=192000000
RCC.SAI2Freq_Value=192000000
RCC.SDMMC2Freq_Value=216000000
RCC.SDMMCClockSelection=RCC_SDMMC1CLKSOURCE_CLK48
RCC.SDMMCFreq_Value=48000000
RCC.SPDIFRXFreq_Value=192000000
RCC.SYSCLKFreq_VALUE=216000000
RCC.SYSCLKSource=RCC_SYSCLKSOURCE_PLLCLK
RCC.UART4Freq_Value=54000000
RCC.UART5Freq_Value=54000000
RCC.UART7Freq_Value=54000000
RCC.UART8Freq_Value=54000000
RCC.USART1CLockSelection=RCC_USART1CLKSOURCE_HSI
RCC.USART1Freq_Value=16000000
RCC.USART2CLockSelection=RCC_USART2CLKSOURCE_HSI
RCC.USART2Freq_Value=16000000
RCC.USART3CLockSelection=RCC_USART3CLKSOURCE_HSI
RCC.USART3Freq_Value=16000000
RCC.USART6Freq_Value=108000000
RCC.USBFreq_Value=48000000
RCC.VCOI2SOutputFreq_Value=384000000
RCC.VCOInputFreq_Value=2000000
RCC.VCOOutputFreq_Value=432000000
RCC.VCOSAIOutputFreq_Value=384000000
SDMMC1.ClockDiv=0
SDMMC1.ClockPowerSave=SDMMC_CLOCK_POWER_SAVE_ENABLE
SDMMC1.HardwareFlowControl=SDMMC_HARDWARE_FLOW_CONTROL_DISABLE
SDMMC1.IPParameters=ClockDiv,ClockPowerSave,HardwareFlowControl
SH.ADCx_IN0.0=ADC1_IN0,IN0
SH.ADCx_IN0.ConfNb=1
SH.ADCx_IN3.0=ADC2_IN3,IN3
SH.ADCx_IN3.ConfNb=1
SH.COMP_DAC1_group.0=DAC_OUT1,DAC_OUT1
SH.COMP_DAC1_group.ConfNb=1
SH.GPXTI0.0=GPIO_EXTI0
SH.GPXTI0.ConfNb=1
SH.GPXTI1.0=GPIO_EXTI1
SH.GPXTI1.ConfNb=1
SH.S_TIM4_CH1.0=TIM4_CH1,PWM Generation1 CH1
SH.S_TIM4_CH1.ConfNb=1
SPI1.BaudRatePrescaler=SPI_BAUDRATEPRESCALER_32
SPI1.CalculateBaudRate=3.375 MBits/s
SPI1.DataSize=SPI_DATASIZE_8BIT
SPI1.Direction=SPI_DIRECTION_2LINES
SPI1.IPParameters=VirtualType,Mode,Direction,CalculateBaudRate,DataSize,NSSPMode,BaudRatePrescaler
SPI1.Mode=SPI_MODE_MASTER
SPI1.NSSPMode=SPI_NSS_PULSE_DISABLE
SPI1.VirtualType=VM_MASTER
SPI2.BaudRatePrescaler=SPI_BAUDRATEPRESCALER_2
SPI2.CalculateBaudRate=27.0 MBits/s
SPI2.DataSize=SPI_DATASIZE_8BIT
SPI2.Direction=SPI_DIRECTION_2LINES
SPI2.IPParameters=VirtualType,Mode,Direction,CalculateBaudRate,DataSize,BaudRatePrescaler,NSSPMode
SPI2.Mode=SPI_MODE_MASTER
SPI2.NSSPMode=SPI_NSS_PULSE_DISABLE
SPI2.VirtualType=VM_MASTER
TIM4.Channel-PWM\ Generation1\ CH1=TIM_CHANNEL_1
TIM4.IPParameters=Channel-PWM Generation1 CH1,Prescaler,Period,Pulse-PWM Generation1 CH1
TIM4.Period=999
TIM4.Prescaler=269
TIM4.Pulse-PWM\ Generation1\ CH1=499
TIM6.IPParameters=Period,TIM_MasterOutputTrigger
TIM6.Period=13499
TIM6.TIM_MasterOutputTrigger=TIM_TRGO_UPDATE
TIM8.IPParameters=Prescaler,TIM_MasterOutputTrigger,Period
TIM8.Period=49999
TIM8.Prescaler=43199
TIM8.TIM_MasterOutputTrigger=TIM_TRGO_UPDATE
USART1.BaudRate=9600
USART1.IPParameters=VirtualMode-Asynchronous,BaudRate,OverSampling
USART1.OverSampling=UART_OVERSAMPLING_8
USART1.VirtualMode-Asynchronous=VM_ASYNC
USART2.BaudRate=9600
USART2.IPParameters=VirtualMode-Asynchronous,BaudRate,OverSampling
USART2.OverSampling=UART_OVERSAMPLING_8
USART2.VirtualMode-Asynchronous=VM_ASYNC
USART3.BaudRate=9600
USART3.IPParameters=VirtualMode-Asynchronous,BaudRate,OverSampling
USART3.OverSampling=UART_OVERSAMPLING_8
USART3.VirtualMode-Asynchronous=VM_ASYNC
VP_CRC_VS_CRC.Mode=CRC_Activate
VP_CRC_VS_CRC.Signal=CRC_VS_CRC
VP_CRYP_VS_CRYP.Mode=CRYP_Activate
VP_CRYP_VS_CRYP.Signal=CRYP_VS_CRYP
VP_FATFS_VS_SDIO.Mode=SDIO
VP_FATFS_VS_SDIO.Signal=FATFS_VS_SDIO
VP_HASH_VS_HASH.Mode=HASH_Activate
VP_HASH_VS_HASH.Signal=HASH_VS_HASH
VP_RNG_VS_RNG.Mode=RNG_Activate
VP_RNG_VS_RNG.Signal=RNG_VS_RNG
VP_SYS_VS_Systick.Mode=SysTick
VP_SYS_VS_Systick.Signal=SYS_VS_Systick
VP_TIM4_VS_ClockSourceINT.Mode=Internal
VP_TIM4_VS_ClockSourceINT.Signal=TIM4_VS_ClockSourceINT
VP_TIM6_VS_ClockSourceINT.Mode=Enable_Timer
VP_TIM6_VS_ClockSourceINT.Signal=TIM6_VS_ClockSourceINT
VP_TIM8_VS_ClockSourceINT.Mode=Internal
VP_TIM8_VS_ClockSourceINT.Signal=TIM8_VS_ClockSourceINT
board=custom
